
Microsoft Visual Studio Solution File, Format Version 12.00
# Visual Studio 15
VisualStudioVersion = 15.0.28010.2041
MinimumVisualStudioVersion = 10.0.40219.1
Project("{9A19103F-16F7-4668-BE54-9A1E7A4F7556}") = "SourceCode", "SourceCode\SourceCode.csproj", "{99BA3328-E782-42F6-A94B-306CB5E9D322}"
EndProject
Project("{9A19103F-16F7-4668-BE54-9A1E7A4F7556}") = "CoreOptions", "CoreOptions\CoreOptions.csproj", "{5D33E661-94CB-4BCA-BE83-D322EED84E2A}"
EndProject
Project("{2150E333-8FDC-42A3-9474-1A3956D46DE8}") = "UML", "UML", "{097A6200-396F-46D2-B7D6-4BA64B625EDB}"
	ProjectSection(SolutionItems) = preProject
		CoreOptions\OptionCreator.png = CoreOptions\OptionCreator.png
	EndProjectSection
EndProject
Global
	GlobalSection(SolutionConfigurationPlatforms) = preSolution
		Debug|Any CPU = Debug|Any CPU
		Release|Any CPU = Release|Any CPU
	EndGlobalSection
	GlobalSection(ProjectConfigurationPlatforms) = postSolution
		{99BA3328-E782-42F6-A94B-306CB5E9D322}.Debug|Any CPU.ActiveCfg = Debug|Any CPU
		{99BA3328-E782-42F6-A94B-306CB5E9D322}.Debug|Any CPU.Build.0 = Debug|Any CPU
		{99BA3328-E782-42F6-A94B-306CB5E9D322}.Release|Any CPU.ActiveCfg = Release|Any CPU
		{99BA3328-E782-42F6-A94B-306CB5E9D322}.Release|Any CPU.Build.0 = Release|Any CPU
		{5D33E661-94CB-4BCA-BE83-D322EED84E2A}.Debug|Any CPU.ActiveCfg = Debug|Any CPU
		{5D33E661-94CB-4BCA-BE83-D322EED84E2A}.Debug|Any CPU.Build.0 = Debug|Any CPU
		{5D33E661-94CB-4BCA-BE83-D322EED84E2A}.Release|Any CPU.ActiveCfg = Release|Any CPU
		{5D33E661-94CB-4BCA-BE83-D322EED84E2A}.Release|Any CPU.Build.0 = Release|Any CPU
	EndGlobalSection
	GlobalSection(SolutionProperties) = preSolution
		HideSolutionNode = FALSE
	EndGlobalSection
	GlobalSection(ExtensibilityGlobals) = postSolution
		SolutionGuid = {05A6D07A-ACD1-4835-9FFE-014FBEF6F581}
	EndGlobalSection
EndGlobal
