
Microsoft Visual Studio Solution File, Format Version 12.00
# Visual Studio 15
VisualStudioVersion = 15.0.28010.2041
MinimumVisualStudioVersion = 10.0.40219.1
Project("{FAE04EC0-301F-11D3-BF4B-00C04F79EFBC}") = "CoreConfiguration", "CoreConfiguration\CoreConfiguration.csproj", "{DABE0466-984A-4BCC-A8A2-370DAC3E215C}"
EndProject
Project("{FAE04EC0-301F-11D3-BF4B-00C04F79EFBC}") = "SourceCode", "SourceCode\SourceCode.csproj", "{E7085625-4766-4AD7-83A0-72C0DA7BFEE8}"
EndProject
Global
	GlobalSection(SolutionConfigurationPlatforms) = preSolution
		Debug|Any CPU = Debug|Any CPU
		Release|Any CPU = Release|Any CPU
	EndGlobalSection
	GlobalSection(ProjectConfigurationPlatforms) = postSolution
		{DABE0466-984A-4BCC-A8A2-370DAC3E215C}.Debug|Any CPU.ActiveCfg = Debug|Any CPU
		{DABE0466-984A-4BCC-A8A2-370DAC3E215C}.Debug|Any CPU.Build.0 = Debug|Any CPU
		{DABE0466-984A-4BCC-A8A2-370DAC3E215C}.Release|Any CPU.ActiveCfg = Release|Any CPU
		{DABE0466-984A-4BCC-A8A2-370DAC3E215C}.Release|Any CPU.Build.0 = Release|Any CPU
		{E7085625-4766-4AD7-83A0-72C0DA7BFEE8}.Debug|Any CPU.ActiveCfg = Debug|Any CPU
		{E7085625-4766-4AD7-83A0-72C0DA7BFEE8}.Debug|Any CPU.Build.0 = Debug|Any CPU
		{E7085625-4766-4AD7-83A0-72C0DA7BFEE8}.Release|Any CPU.ActiveCfg = Release|Any CPU
		{E7085625-4766-4AD7-83A0-72C0DA7BFEE8}.Release|Any CPU.Build.0 = Release|Any CPU
	EndGlobalSection
	GlobalSection(SolutionProperties) = preSolution
		HideSolutionNode = FALSE
	EndGlobalSection
	GlobalSection(ExtensibilityGlobals) = postSolution
		SolutionGuid = {BFCFEBA8-9EA9-447F-A1AB-EBF320AF17E7}
	EndGlobalSection
EndGlobal
