
Microsoft Visual Studio Solution File, Format Version 12.00
# Visual Studio Version 16
VisualStudioVersion = 16.0.30711.63
MinimumVisualStudioVersion = 10.0.40219.1
Project("{9A19103F-16F7-4668-BE54-9A1E7A4F7556}") = "SourceCodes", "SourceCodes\SourceCodes.csproj", "{C5596EBD-505D-41C9-9DB3-C1143A163F0E}"
EndProject
Project("{FAE04EC0-301F-11D3-BF4B-00C04F79EFBC}") = "Demo", "Demo\Demo.csproj", "{38ECCE55-0084-4BE3-9789-963836E6F101}"
EndProject
Global
	GlobalSection(SolutionConfigurationPlatforms) = preSolution
		Debug|Any CPU = Debug|Any CPU
		Release|Any CPU = Release|Any CPU
	EndGlobalSection
	GlobalSection(ProjectConfigurationPlatforms) = postSolution
		{C5596EBD-505D-41C9-9DB3-C1143A163F0E}.Debug|Any CPU.ActiveCfg = Debug|Any CPU
		{C5596EBD-505D-41C9-9DB3-C1143A163F0E}.Debug|Any CPU.Build.0 = Debug|Any CPU
		{C5596EBD-505D-41C9-9DB3-C1143A163F0E}.Release|Any CPU.ActiveCfg = Release|Any CPU
		{C5596EBD-505D-41C9-9DB3-C1143A163F0E}.Release|Any CPU.Build.0 = Release|Any CPU
		{38ECCE55-0084-4BE3-9789-963836E6F101}.Debug|Any CPU.ActiveCfg = Debug|Any CPU
		{38ECCE55-0084-4BE3-9789-963836E6F101}.Debug|Any CPU.Build.0 = Debug|Any CPU
		{38ECCE55-0084-4BE3-9789-963836E6F101}.Release|Any CPU.ActiveCfg = Release|Any CPU
		{38ECCE55-0084-4BE3-9789-963836E6F101}.Release|Any CPU.Build.0 = Release|Any CPU
	EndGlobalSection
	GlobalSection(SolutionProperties) = preSolution
		HideSolutionNode = FALSE
	EndGlobalSection
	GlobalSection(ExtensibilityGlobals) = postSolution
		SolutionGuid = {03A5AFFF-8A85-465B-9B1E-4C973AEEBE25}
	EndGlobalSection
EndGlobal
